
Microsoft Visual Studio Solution File, Format Version 12.00
# Visual Studio 2013
VisualStudioVersion = 12.0.21005.1
MinimumVisualStudioVersion = 10.0.40219.1
Project("{FAE04EC0-301F-11D3-BF4B-00C04F79EFBC}") = "customerQDQUi", "customerQDQUi\customerQDQUi.csproj", "{FB8574A9-DDAF-435A-B3F7-3CE1C61AA65E}"
EndProject
Global
	GlobalSection(SolutionConfigurationPlatforms) = preSolution
		Debug|Any CPU = Debug|Any CPU
		Release|Any CPU = Release|Any CPU
	EndGlobalSection
	GlobalSection(ProjectConfigurationPlatforms) = postSolution
		{FB8574A9-DDAF-435A-B3F7-3CE1C61AA65E}.Debug|Any CPU.ActiveCfg = Debug|Any CPU
		{FB8574A9-DDAF-435A-B3F7-3CE1C61AA65E}.Debug|Any CPU.Build.0 = Debug|Any CPU
		{FB8574A9-DDAF-435A-B3F7-3CE1C61AA65E}.Release|Any CPU.ActiveCfg = Release|Any CPU
		{FB8574A9-DDAF-435A-B3F7-3CE1C61AA65E}.Release|Any CPU.Build.0 = Release|Any CPU
	EndGlobalSection
	GlobalSection(SolutionProperties) = preSolution
		HideSolutionNode = FALSE
	EndGlobalSection
EndGlobal
